
Microsoft Visual Studio Solution File, Format Version 12.00
# Visual Studio 15
VisualStudioVersion = 15.0.28307.489
MinimumVisualStudioVersion = 10.0.40219.1
Project("{9A19103F-16F7-4668-BE54-9A1E7A4F7556}") = "Savaged.HasMyPasswordBeenPwned.CLI", "Savaged.HasMyPasswordBeenPwned.CLI\Savaged.HasMyPasswordBeenPwned.CLI.csproj", "{33104DE3-6A2B-4732-8550-0B7DF303B77B}"
EndProject
Project("{9A19103F-16F7-4668-BE54-9A1E7A4F7556}") = "Savaged.HasMyPasswordBeenPwned.Lib", "Savaged.HasMyPasswordBeenPwned.Lib\Savaged.HasMyPasswordBeenPwned.Lib.csproj", "{D65F04A9-ACC6-4025-B90C-6D9CB8E52010}"
EndProject
Project("{FAE04EC0-301F-11D3-BF4B-00C04F79EFBC}") = "Savaged.HasMyPasswordBeenPwned.Test", "Savaged.HasMyPasswordBeenPwned.Test\Savaged.HasMyPasswordBeenPwned.Test.csproj", "{114800A9-F435-4E41-96BC-A13A7F30D429}"
EndProject
Global
	GlobalSection(SolutionConfigurationPlatforms) = preSolution
		Debug|Any CPU = Debug|Any CPU
		Release|Any CPU = Release|Any CPU
	EndGlobalSection
	GlobalSection(ProjectConfigurationPlatforms) = postSolution
		{33104DE3-6A2B-4732-8550-0B7DF303B77B}.Debug|Any CPU.ActiveCfg = Debug|Any CPU
		{33104DE3-6A2B-4732-8550-0B7DF303B77B}.Debug|Any CPU.Build.0 = Debug|Any CPU
		{33104DE3-6A2B-4732-8550-0B7DF303B77B}.Release|Any CPU.ActiveCfg = Release|Any CPU
		{33104DE3-6A2B-4732-8550-0B7DF303B77B}.Release|Any CPU.Build.0 = Release|Any CPU
		{D65F04A9-ACC6-4025-B90C-6D9CB8E52010}.Debug|Any CPU.ActiveCfg = Debug|Any CPU
		{D65F04A9-ACC6-4025-B90C-6D9CB8E52010}.Debug|Any CPU.Build.0 = Debug|Any CPU
		{D65F04A9-ACC6-4025-B90C-6D9CB8E52010}.Release|Any CPU.ActiveCfg = Release|Any CPU
		{D65F04A9-ACC6-4025-B90C-6D9CB8E52010}.Release|Any CPU.Build.0 = Release|Any CPU
		{114800A9-F435-4E41-96BC-A13A7F30D429}.Debug|Any CPU.ActiveCfg = Debug|Any CPU
		{114800A9-F435-4E41-96BC-A13A7F30D429}.Debug|Any CPU.Build.0 = Debug|Any CPU
		{114800A9-F435-4E41-96BC-A13A7F30D429}.Release|Any CPU.ActiveCfg = Release|Any CPU
		{114800A9-F435-4E41-96BC-A13A7F30D429}.Release|Any CPU.Build.0 = Release|Any CPU
	EndGlobalSection
	GlobalSection(SolutionProperties) = preSolution
		HideSolutionNode = FALSE
	EndGlobalSection
	GlobalSection(ExtensibilityGlobals) = postSolution
		SolutionGuid = {7D697D1D-24C9-470E-BCE7-76C27C844414}
	EndGlobalSection
EndGlobal
